
Microsoft Visual Studio Solution File, Format Version 12.00
# Visual Studio Version 16
VisualStudioVersion = 16.0.31019.35
MinimumVisualStudioVersion = 10.0.40219.1
Project("{9A19103F-16F7-4668-BE54-9A1E7A4F7556}") = "Chap19App", "Chap19App\Chap19App.csproj", "{E9912B4C-FF97-45D5-8F4A-158207FB3F5F}"
EndProject
Project("{FAE04EC0-301F-11D3-BF4B-00C04F79EFBC}") = "ThreadStateApp", "ThreadStateApp\ThreadStateApp.csproj", "{5818B593-B01C-48E9-A937-242DB6E5CD49}"
EndProject
Project("{FAE04EC0-301F-11D3-BF4B-00C04F79EFBC}") = "SideTaskApp", "SideTaskApp\SideTaskApp.csproj", "{EB268768-1497-42EA-9B1A-6F4E4EDEB10C}"
EndProject
Project("{FAE04EC0-301F-11D3-BF4B-00C04F79EFBC}") = "ProgressTestApp", "ProgressTestApp\ProgressTestApp.csproj", "{9B7097DC-FDFF-4229-BE07-D1BE216BB8D0}"
EndProject
Global
	GlobalSection(SolutionConfigurationPlatforms) = preSolution
		Debug|Any CPU = Debug|Any CPU
		Release|Any CPU = Release|Any CPU
	EndGlobalSection
	GlobalSection(ProjectConfigurationPlatforms) = postSolution
		{E9912B4C-FF97-45D5-8F4A-158207FB3F5F}.Debug|Any CPU.ActiveCfg = Debug|Any CPU
		{E9912B4C-FF97-45D5-8F4A-158207FB3F5F}.Debug|Any CPU.Build.0 = Debug|Any CPU
		{E9912B4C-FF97-45D5-8F4A-158207FB3F5F}.Release|Any CPU.ActiveCfg = Release|Any CPU
		{E9912B4C-FF97-45D5-8F4A-158207FB3F5F}.Release|Any CPU.Build.0 = Release|Any CPU
		{5818B593-B01C-48E9-A937-242DB6E5CD49}.Debug|Any CPU.ActiveCfg = Debug|Any CPU
		{5818B593-B01C-48E9-A937-242DB6E5CD49}.Debug|Any CPU.Build.0 = Debug|Any CPU
		{5818B593-B01C-48E9-A937-242DB6E5CD49}.Release|Any CPU.ActiveCfg = Release|Any CPU
		{5818B593-B01C-48E9-A937-242DB6E5CD49}.Release|Any CPU.Build.0 = Release|Any CPU
		{EB268768-1497-42EA-9B1A-6F4E4EDEB10C}.Debug|Any CPU.ActiveCfg = Debug|Any CPU
		{EB268768-1497-42EA-9B1A-6F4E4EDEB10C}.Debug|Any CPU.Build.0 = Debug|Any CPU
		{EB268768-1497-42EA-9B1A-6F4E4EDEB10C}.Release|Any CPU.ActiveCfg = Release|Any CPU
		{EB268768-1497-42EA-9B1A-6F4E4EDEB10C}.Release|Any CPU.Build.0 = Release|Any CPU
		{9B7097DC-FDFF-4229-BE07-D1BE216BB8D0}.Debug|Any CPU.ActiveCfg = Debug|Any CPU
		{9B7097DC-FDFF-4229-BE07-D1BE216BB8D0}.Debug|Any CPU.Build.0 = Debug|Any CPU
		{9B7097DC-FDFF-4229-BE07-D1BE216BB8D0}.Release|Any CPU.ActiveCfg = Release|Any CPU
		{9B7097DC-FDFF-4229-BE07-D1BE216BB8D0}.Release|Any CPU.Build.0 = Release|Any CPU
	EndGlobalSection
	GlobalSection(SolutionProperties) = preSolution
		HideSolutionNode = FALSE
	EndGlobalSection
	GlobalSection(ExtensibilityGlobals) = postSolution
		SolutionGuid = {1BD4904A-49AC-47B7-919E-D536FD2FDEDB}
	EndGlobalSection
EndGlobal
