
Microsoft Visual Studio Solution File, Format Version 12.00
# Visual Studio Version 16
VisualStudioVersion = 16.0.31019.35
MinimumVisualStudioVersion = 10.0.40219.1
Project("{FAE04EC0-301F-11D3-BF4B-00C04F79EFBC}") = "Chap10App", "Chap10App\Chap10App.csproj", "{E7391C63-B6CD-4A5F-A569-E804765B07BB}"
EndProject
Global
	GlobalSection(SolutionConfigurationPlatforms) = preSolution
		Debug|Any CPU = Debug|Any CPU
		Release|Any CPU = Release|Any CPU
	EndGlobalSection
	GlobalSection(ProjectConfigurationPlatforms) = postSolution
		{E7391C63-B6CD-4A5F-A569-E804765B07BB}.Debug|Any CPU.ActiveCfg = Debug|Any CPU
		{E7391C63-B6CD-4A5F-A569-E804765B07BB}.Debug|Any CPU.Build.0 = Debug|Any CPU
		{E7391C63-B6CD-4A5F-A569-E804765B07BB}.Release|Any CPU.ActiveCfg = Release|Any CPU
		{E7391C63-B6CD-4A5F-A569-E804765B07BB}.Release|Any CPU.Build.0 = Release|Any CPU
	EndGlobalSection
	GlobalSection(SolutionProperties) = preSolution
		HideSolutionNode = FALSE
	EndGlobalSection
	GlobalSection(ExtensibilityGlobals) = postSolution
		SolutionGuid = {B21259B9-38BE-4C21-BF12-D3E43525D219}
	EndGlobalSection
EndGlobal
