
Microsoft Visual Studio Solution File, Format Version 12.00
# Visual Studio Version 16
VisualStudioVersion = 16.0.31019.35
MinimumVisualStudioVersion = 10.0.40219.1
Project("{FAE04EC0-301F-11D3-BF4B-00C04F79EFBC}") = "Chap15App", "Chap14App\Chap15App.csproj", "{57411C55-F44C-4911-9219-BC381972B23B}"
EndProject
Global
	GlobalSection(SolutionConfigurationPlatforms) = preSolution
		Debug|Any CPU = Debug|Any CPU
		Release|Any CPU = Release|Any CPU
	EndGlobalSection
	GlobalSection(ProjectConfigurationPlatforms) = postSolution
		{57411C55-F44C-4911-9219-BC381972B23B}.Debug|Any CPU.ActiveCfg = Debug|Any CPU
		{57411C55-F44C-4911-9219-BC381972B23B}.Debug|Any CPU.Build.0 = Debug|Any CPU
		{57411C55-F44C-4911-9219-BC381972B23B}.Release|Any CPU.ActiveCfg = Release|Any CPU
		{57411C55-F44C-4911-9219-BC381972B23B}.Release|Any CPU.Build.0 = Release|Any CPU
	EndGlobalSection
	GlobalSection(SolutionProperties) = preSolution
		HideSolutionNode = FALSE
	EndGlobalSection
	GlobalSection(ExtensibilityGlobals) = postSolution
		SolutionGuid = {2DEA3F5D-6F12-494B-BC13-33054C9988B6}
	EndGlobalSection
EndGlobal
