
Microsoft Visual Studio Solution File, Format Version 12.00
# Visual Studio Version 16
VisualStudioVersion = 16.0.31019.35
MinimumVisualStudioVersion = 10.0.40219.1
Project("{FAE04EC0-301F-11D3-BF4B-00C04F79EFBC}") = "AddressBookApp", "AddressBookApp\AddressBookApp.csproj", "{1B76A04C-D30B-4644-941E-250E19B9B584}"
EndProject
Project("{FAE04EC0-301F-11D3-BF4B-00C04F79EFBC}") = "Game", "Game\Game.csproj", "{75AD2D7B-BBBE-439B-A194-78250CD244BC}"
EndProject
Global
	GlobalSection(SolutionConfigurationPlatforms) = preSolution
		Debug|Any CPU = Debug|Any CPU
		Release|Any CPU = Release|Any CPU
	EndGlobalSection
	GlobalSection(ProjectConfigurationPlatforms) = postSolution
		{1B76A04C-D30B-4644-941E-250E19B9B584}.Debug|Any CPU.ActiveCfg = Debug|Any CPU
		{1B76A04C-D30B-4644-941E-250E19B9B584}.Debug|Any CPU.Build.0 = Debug|Any CPU
		{1B76A04C-D30B-4644-941E-250E19B9B584}.Release|Any CPU.ActiveCfg = Release|Any CPU
		{1B76A04C-D30B-4644-941E-250E19B9B584}.Release|Any CPU.Build.0 = Release|Any CPU
		{75AD2D7B-BBBE-439B-A194-78250CD244BC}.Debug|Any CPU.ActiveCfg = Debug|Any CPU
		{75AD2D7B-BBBE-439B-A194-78250CD244BC}.Debug|Any CPU.Build.0 = Debug|Any CPU
		{75AD2D7B-BBBE-439B-A194-78250CD244BC}.Release|Any CPU.ActiveCfg = Release|Any CPU
		{75AD2D7B-BBBE-439B-A194-78250CD244BC}.Release|Any CPU.Build.0 = Release|Any CPU
	EndGlobalSection
	GlobalSection(SolutionProperties) = preSolution
		HideSolutionNode = FALSE
	EndGlobalSection
	GlobalSection(ExtensibilityGlobals) = postSolution
		SolutionGuid = {54B88953-D683-4BA6-AF0C-423DE264DFF7}
	EndGlobalSection
EndGlobal
