
Microsoft Visual Studio Solution File, Format Version 12.00
# Visual Studio Version 16
VisualStudioVersion = 16.0.31025.194
MinimumVisualStudioVersion = 10.0.40219.1
Project("{FAE04EC0-301F-11D3-BF4B-00C04F79EFBC}") = "Chap20App", "Chap20App\Chap20App.csproj", "{815395B2-FBDD-4FC1-9903-8777D3DB6699}"
EndProject
Project("{FAE04EC0-301F-11D3-BF4B-00C04F79EFBC}") = "ConsoleApp1", "ConsoleApp1\ConsoleApp1.csproj", "{68F41F80-E624-4BEB-9FA1-EB79506053FF}"
EndProject
Project("{FAE04EC0-301F-11D3-BF4B-00C04F79EFBC}") = "MyWIndowApp", "MyWIndowApp\MyWIndowApp.csproj", "{13332184-C6B9-45A2-8538-6D54B6A427EB}"
EndProject
Project("{FAE04EC0-301F-11D3-BF4B-00C04F79EFBC}") = "UsingControlsApp", "UsingControlsApp\UsingControlsApp.csproj", "{C85ED2CB-AEA7-4AC3-95F5-4C2B5AE62687}"
EndProject
Project("{FAE04EC0-301F-11D3-BF4B-00C04F79EFBC}") = "FileCopyApp", "FileCopyApp\FileCopyApp.csproj", "{D02F867E-D175-4091-956C-2F5088611F74}"
EndProject
Global
	GlobalSection(SolutionConfigurationPlatforms) = preSolution
		Debug|Any CPU = Debug|Any CPU
		Release|Any CPU = Release|Any CPU
	EndGlobalSection
	GlobalSection(ProjectConfigurationPlatforms) = postSolution
		{815395B2-FBDD-4FC1-9903-8777D3DB6699}.Debug|Any CPU.ActiveCfg = Debug|Any CPU
		{815395B2-FBDD-4FC1-9903-8777D3DB6699}.Debug|Any CPU.Build.0 = Debug|Any CPU
		{815395B2-FBDD-4FC1-9903-8777D3DB6699}.Release|Any CPU.ActiveCfg = Release|Any CPU
		{815395B2-FBDD-4FC1-9903-8777D3DB6699}.Release|Any CPU.Build.0 = Release|Any CPU
		{68F41F80-E624-4BEB-9FA1-EB79506053FF}.Debug|Any CPU.ActiveCfg = Debug|Any CPU
		{68F41F80-E624-4BEB-9FA1-EB79506053FF}.Debug|Any CPU.Build.0 = Debug|Any CPU
		{68F41F80-E624-4BEB-9FA1-EB79506053FF}.Release|Any CPU.ActiveCfg = Release|Any CPU
		{68F41F80-E624-4BEB-9FA1-EB79506053FF}.Release|Any CPU.Build.0 = Release|Any CPU
		{13332184-C6B9-45A2-8538-6D54B6A427EB}.Debug|Any CPU.ActiveCfg = Debug|Any CPU
		{13332184-C6B9-45A2-8538-6D54B6A427EB}.Debug|Any CPU.Build.0 = Debug|Any CPU
		{13332184-C6B9-45A2-8538-6D54B6A427EB}.Release|Any CPU.ActiveCfg = Release|Any CPU
		{13332184-C6B9-45A2-8538-6D54B6A427EB}.Release|Any CPU.Build.0 = Release|Any CPU
		{C85ED2CB-AEA7-4AC3-95F5-4C2B5AE62687}.Debug|Any CPU.ActiveCfg = Debug|Any CPU
		{C85ED2CB-AEA7-4AC3-95F5-4C2B5AE62687}.Debug|Any CPU.Build.0 = Debug|Any CPU
		{C85ED2CB-AEA7-4AC3-95F5-4C2B5AE62687}.Release|Any CPU.ActiveCfg = Release|Any CPU
		{C85ED2CB-AEA7-4AC3-95F5-4C2B5AE62687}.Release|Any CPU.Build.0 = Release|Any CPU
		{D02F867E-D175-4091-956C-2F5088611F74}.Debug|Any CPU.ActiveCfg = Debug|Any CPU
		{D02F867E-D175-4091-956C-2F5088611F74}.Debug|Any CPU.Build.0 = Debug|Any CPU
		{D02F867E-D175-4091-956C-2F5088611F74}.Release|Any CPU.ActiveCfg = Release|Any CPU
		{D02F867E-D175-4091-956C-2F5088611F74}.Release|Any CPU.Build.0 = Release|Any CPU
	EndGlobalSection
	GlobalSection(SolutionProperties) = preSolution
		HideSolutionNode = FALSE
	EndGlobalSection
	GlobalSection(ExtensibilityGlobals) = postSolution
		SolutionGuid = {B2F7E1A4-5DED-4214-B910-4EB7E2A01B3E}
	EndGlobalSection
EndGlobal
